
Microsoft Visual Studio Solution File, Format Version 12.00
# Visual Studio Version 16
VisualStudioVersion = 16.0.32602.291
MinimumVisualStudioVersion = 10.0.40219.1
Project("{8BC9CEB8-8B4A-11D0-8D11-00A0C91BC942}") = "test_3_5", "test_3_5.vcxproj", "{5581050E-179E-4E87-9BA3-4D6897594730}"
EndProject
Global
	GlobalSection(SolutionConfigurationPlatforms) = preSolution
		Debug|x64 = Debug|x64
		Debug|x86 = Debug|x86
		Release|x64 = Release|x64
		Release|x86 = Release|x86
	EndGlobalSection
	GlobalSection(ProjectConfigurationPlatforms) = postSolution
		{5581050E-179E-4E87-9BA3-4D6897594730}.Debug|x64.ActiveCfg = Debug|x64
		{5581050E-179E-4E87-9BA3-4D6897594730}.Debug|x64.Build.0 = Debug|x64
		{5581050E-179E-4E87-9BA3-4D6897594730}.Debug|x86.ActiveCfg = Debug|Win32
		{5581050E-179E-4E87-9BA3-4D6897594730}.Debug|x86.Build.0 = Debug|Win32
		{5581050E-179E-4E87-9BA3-4D6897594730}.Release|x64.ActiveCfg = Release|x64
		{5581050E-179E-4E87-9BA3-4D6897594730}.Release|x64.Build.0 = Release|x64
		{5581050E-179E-4E87-9BA3-4D6897594730}.Release|x86.ActiveCfg = Release|Win32
		{5581050E-179E-4E87-9BA3-4D6897594730}.Release|x86.Build.0 = Release|Win32
	EndGlobalSection
	GlobalSection(SolutionProperties) = preSolution
		HideSolutionNode = FALSE
	EndGlobalSection
	GlobalSection(ExtensibilityGlobals) = postSolution
		SolutionGuid = {D7512D48-B2D9-44D7-A5F3-FDB36025F25F}
	EndGlobalSection
EndGlobal
