
Microsoft Visual Studio Solution File, Format Version 12.00
# Visual Studio Version 16
VisualStudioVersion = 16.0.32602.291
MinimumVisualStudioVersion = 10.0.40219.1
Project("{8BC9CEB8-8B4A-11D0-8D11-00A0C91BC942}") = "test_4_3", "test_4_3.vcxproj", "{992452A6-A150-4CD8-B8BE-75E1AE13648F}"
EndProject
Global
	GlobalSection(SolutionConfigurationPlatforms) = preSolution
		Debug|x64 = Debug|x64
		Debug|x86 = Debug|x86
		Release|x64 = Release|x64
		Release|x86 = Release|x86
	EndGlobalSection
	GlobalSection(ProjectConfigurationPlatforms) = postSolution
		{992452A6-A150-4CD8-B8BE-75E1AE13648F}.Debug|x64.ActiveCfg = Debug|x64
		{992452A6-A150-4CD8-B8BE-75E1AE13648F}.Debug|x64.Build.0 = Debug|x64
		{992452A6-A150-4CD8-B8BE-75E1AE13648F}.Debug|x86.ActiveCfg = Debug|Win32
		{992452A6-A150-4CD8-B8BE-75E1AE13648F}.Debug|x86.Build.0 = Debug|Win32
		{992452A6-A150-4CD8-B8BE-75E1AE13648F}.Release|x64.ActiveCfg = Release|x64
		{992452A6-A150-4CD8-B8BE-75E1AE13648F}.Release|x64.Build.0 = Release|x64
		{992452A6-A150-4CD8-B8BE-75E1AE13648F}.Release|x86.ActiveCfg = Release|Win32
		{992452A6-A150-4CD8-B8BE-75E1AE13648F}.Release|x86.Build.0 = Release|Win32
	EndGlobalSection
	GlobalSection(SolutionProperties) = preSolution
		HideSolutionNode = FALSE
	EndGlobalSection
	GlobalSection(ExtensibilityGlobals) = postSolution
		SolutionGuid = {2B79E28D-2561-46F7-87DD-29D969263A52}
	EndGlobalSection
EndGlobal
